{
  "version": 4,
  "terraform_version": "1.7.3",
  "serial": 13,
  "lineage": "3678ddca-089b-c39a-4c7c-a5d3fe685296",
  "outputs": {},
  "resources": [
    {
      "mode": "managed",
      "type": "google_folder",
      "name": "bootstrap_folder",
      "provider": "provider[\"registry.terraform.io/hashicorp/google\"]",
      "instances": [
        {
          "schema_version": 0,
          "attributes": {
            "create_time": "2024-05-16T21:08:08.918Z",
            "display_name": "fldr-bootstrap",
            "folder_id": "106779727571",
            "id": "folders/106779727571",
            "lifecycle_state": "ACTIVE",
            "name": "folders/106779727571",
            "parent": "organizations/510613106678",
            "timeouts": null
          },
          "sensitive_attributes": [],
          "private": "eyJlMmJmYjczMC1lY2FhLTExZTYtOGY4OC0zNDM2M2JjN2M0YzAiOnsiY3JlYXRlIjoyNDAwMDAwMDAwMDAsImRlbGV0ZSI6MjQwMDAwMDAwMDAwLCJyZWFkIjoyNDAwMDAwMDAwMDAsInVwZGF0ZSI6MjQwMDAwMDAwMDAwfX0="
        }
      ]
    },
    {
      "mode": "managed",
      "type": "google_project",
      "name": "project_1",
      "provider": "provider[\"registry.terraform.io/hashicorp/google\"]",
      "instances": [
        {
          "schema_version": 1,
          "attributes": {
            "auto_create_network": true,
            "billing_account": "019A3B-184BE4-980D3A",
            "effective_labels": {},
            "folder_id": "106779727571",
            "id": "projects/eva-prj-iac-seed",
            "labels": {},
            "name": "eva-prj-iac-seed",
            "number": "726775284459",
            "org_id": "",
            "project_id": "eva-prj-iac-seed",
            "skip_delete": null,
            "terraform_labels": {},
            "timeouts": null
          },
          "sensitive_attributes": [],
          "private": "eyJlMmJmYjczMC1lY2FhLTExZTYtOGY4OC0zNDM2M2JjN2M0YzAiOnsiY3JlYXRlIjo2MDAwMDAwMDAwMDAsImRlbGV0ZSI6NjAwMDAwMDAwMDAwLCJyZWFkIjo2MDAwMDAwMDAwMDAsInVwZGF0ZSI6NjAwMDAwMDAwMDAwfSwic2NoZW1hX3ZlcnNpb24iOiIxIn0=",
          "dependencies": [
            "google_folder.bootstrap_folder"
          ]
        }
      ]
    },
    {
      "mode": "managed",
      "type": "google_project",
      "name": "project_2",
      "provider": "provider[\"registry.terraform.io/hashicorp/google\"]",
      "instances": [
        {
          "schema_version": 1,
          "attributes": {
            "auto_create_network": true,
            "billing_account": "019A3B-184BE4-980D3A",
            "effective_labels": {},
            "folder_id": "106779727571",
            "id": "projects/eva-prj-iac-cicd",
            "labels": {},
            "name": "eva-prj-iac-cicd",
            "number": "254619701537",
            "org_id": "",
            "project_id": "eva-prj-iac-cicd",
            "skip_delete": null,
            "terraform_labels": {},
            "timeouts": null
          },
          "sensitive_attributes": [],
          "private": "eyJlMmJmYjczMC1lY2FhLTExZTYtOGY4OC0zNDM2M2JjN2M0YzAiOnsiY3JlYXRlIjo2MDAwMDAwMDAwMDAsImRlbGV0ZSI6NjAwMDAwMDAwMDAwLCJyZWFkIjo2MDAwMDAwMDAwMDAsInVwZGF0ZSI6NjAwMDAwMDAwMDAwfSwic2NoZW1hX3ZlcnNpb24iOiIxIn0=",
          "dependencies": [
            "google_folder.bootstrap_folder"
          ]
        }
      ]
    }
  ],
  "check_results": null
}
